{
  "requires": true,
  "lockfileVersion": 1,
  "dependencies": {
    "js-tokens": {
      "version": "4.0.0",
      "resolved": "https://registry.npmjs.org/js-tokens/-/js-tokens-4.0.0.tgz",
      "integrity": "sha512-RdJUflcE3cUzKiMqQgsCu06FPu9UdIJO0beYbPhHN4k6apgJtifcoCtT9bcxOpYBtpD2kCM6Sbzg4CausW/PKQ=="
    },
    "konva": {
      "version": "7.1.3",
      "resolved": "https://registry.npmjs.org/konva/-/konva-7.1.3.tgz",
      "integrity": "sha512-yYL6Ie6bEwxIvmWxRdoeUW4lSiAKvM2yg++Z4qx6vuiLgtICJFX1i5LwUeMIN9Z5RSLbJ4h7wG+6kMtAxL+ltg=="
    },
    "loose-envify": {
      "version": "1.4.0",
      "resolved": "https://registry.npmjs.org/loose-envify/-/loose-envify-1.4.0.tgz",
      "integrity": "sha512-lyuxPGr/Wfhrlem2CL/UcnUc1zcqKAImBDzukY7Y5F/yQiNdko6+fRLevlw1HgMySw7f611UIY408EtxRSoK3Q==",
      "requires": {
        "js-tokens": "^3.0.0 || ^4.0.0"
      }
    },
    "object-assign": {
      "version": "4.1.1",
      "resolved": "https://registry.npmjs.org/object-assign/-/object-assign-4.1.1.tgz",
      "integrity": "sha1-IQmtx5ZYh8/AXLvUQsrIv7s2CGM="
    },
    "react-konva": {
      "version": "file:react-konva",
      "requires": {
        "react-reconciler": "~0.26.0-rc.0",
        "scheduler": "^0.19.1"
      }
    },
    "react-reconciler": {
      "version": "0.26.0-rc.2",
      "resolved": "https://registry.npmjs.org/react-reconciler/-/react-reconciler-0.26.0-rc.2.tgz",
      "integrity": "sha512-sMyOSETgFHqmG8HPMZBRvvBzv6wmVxGf72uiEBiArCd1yUm3xfbURQoWxfhO6i7ZoU6vGyb8F9ArkEXs34uCPg==",
      "requires": {
        "loose-envify": "^1.1.0",
        "object-assign": "^4.1.1",
        "scheduler": "0.20.0-rc.2"
      },
      "dependencies": {
        "scheduler": {
          "version": "0.20.0-rc.2",
          "resolved": "https://registry.npmjs.org/scheduler/-/scheduler-0.20.0-rc.2.tgz",
          "integrity": "sha512-tgvUKHPbQr0fq5EfRd3S8hgohi/fI3h/gv1jxVb9IungCF/t2jUG946dlwgCxy8bnYvSIwRjcuw7eksDDpplLg==",
          "requires": {
            "loose-envify": "^1.1.0",
            "object-assign": "^4.1.1"
          }
        }
      }
    },
    "scheduler": {
      "version": "0.19.1",
      "resolved": "https://registry.npmjs.org/scheduler/-/scheduler-0.19.1.tgz",
      "integrity": "sha512-n/zwRWRYSUj0/3g/otKDRPMh6qv2SYMWNq85IEa8iZyAv8od9zDYpGSnpBEjNgcMNq6Scbu5KfIPxNF72R/2EA==",
      "requires": {
        "loose-envify": "^1.1.0",
        "object-assign": "^4.1.1"
      }
    }
  }
}
